
Microsoft Visual Studio Solution File, Format Version 12.00
# Visual Studio Version 17
VisualStudioVersion = 17.0.31903.59
MinimumVisualStudioVersion = 10.0.40219.1
Project("{FAE04EC0-301F-11D3-BF4B-00C04F79EFBC}") = "TodoList.Api", "TodoList.Api\TodoList.Api.csproj", "{C9BA3A84-3F95-4EB3-BCC4-E93E3CF53080}"
EndProject
Project("{FAE04EC0-301F-11D3-BF4B-00C04F79EFBC}") = "TodoList.Domain", "TodoList.Domain\TodoList.Domain.csproj", "{D9E53AA5-863D-4ACB-A4AA-F0CC1A59E8BC}"
EndProject
Project("{FAE04EC0-301F-11D3-BF4B-00C04F79EFBC}") = "TodoList.Application", "TodoList.Application\TodoList.Application.csproj", "{FEA0A8D7-43C4-4FE4-A798-A68B0B0ABEC8}"
EndProject
Project("{FAE04EC0-301F-11D3-BF4B-00C04F79EFBC}") = "TodoList.Infrastructure", "TodoList.Infrastructure\TodoList.Infrastructure.csproj", "{05B95695-9C06-4896-A968-F8C81B08F0BC}"
EndProject
Global
	GlobalSection(SolutionConfigurationPlatforms) = preSolution
		Debug|Any CPU = Debug|Any CPU
		Debug|x64 = Debug|x64
		Debug|x86 = Debug|x86
		Release|Any CPU = Release|Any CPU
		Release|x64 = Release|x64
		Release|x86 = Release|x86
	EndGlobalSection
	GlobalSection(ProjectConfigurationPlatforms) = postSolution
		{C9BA3A84-3F95-4EB3-BCC4-E93E3CF53080}.Debug|Any CPU.ActiveCfg = Debug|Any CPU
		{C9BA3A84-3F95-4EB3-BCC4-E93E3CF53080}.Debug|Any CPU.Build.0 = Debug|Any CPU
		{C9BA3A84-3F95-4EB3-BCC4-E93E3CF53080}.Debug|x64.ActiveCfg = Debug|Any CPU
		{C9BA3A84-3F95-4EB3-BCC4-E93E3CF53080}.Debug|x64.Build.0 = Debug|Any CPU
		{C9BA3A84-3F95-4EB3-BCC4-E93E3CF53080}.Debug|x86.ActiveCfg = Debug|Any CPU
		{C9BA3A84-3F95-4EB3-BCC4-E93E3CF53080}.Debug|x86.Build.0 = Debug|Any CPU
		{C9BA3A84-3F95-4EB3-BCC4-E93E3CF53080}.Release|Any CPU.ActiveCfg = Release|Any CPU
		{C9BA3A84-3F95-4EB3-BCC4-E93E3CF53080}.Release|Any CPU.Build.0 = Release|Any CPU
		{C9BA3A84-3F95-4EB3-BCC4-E93E3CF53080}.Release|x64.ActiveCfg = Release|Any CPU
		{C9BA3A84-3F95-4EB3-BCC4-E93E3CF53080}.Release|x64.Build.0 = Release|Any CPU
		{C9BA3A84-3F95-4EB3-BCC4-E93E3CF53080}.Release|x86.ActiveCfg = Release|Any CPU
		{C9BA3A84-3F95-4EB3-BCC4-E93E3CF53080}.Release|x86.Build.0 = Release|Any CPU
		{D9E53AA5-863D-4ACB-A4AA-F0CC1A59E8BC}.Debug|Any CPU.ActiveCfg = Debug|Any CPU
		{D9E53AA5-863D-4ACB-A4AA-F0CC1A59E8BC}.Debug|Any CPU.Build.0 = Debug|Any CPU
		{D9E53AA5-863D-4ACB-A4AA-F0CC1A59E8BC}.Debug|x64.ActiveCfg = Debug|Any CPU
		{D9E53AA5-863D-4ACB-A4AA-F0CC1A59E8BC}.Debug|x64.Build.0 = Debug|Any CPU
		{D9E53AA5-863D-4ACB-A4AA-F0CC1A59E8BC}.Debug|x86.ActiveCfg = Debug|Any CPU
		{D9E53AA5-863D-4ACB-A4AA-F0CC1A59E8BC}.Debug|x86.Build.0 = Debug|Any CPU
		{D9E53AA5-863D-4ACB-A4AA-F0CC1A59E8BC}.Release|Any CPU.ActiveCfg = Release|Any CPU
		{D9E53AA5-863D-4ACB-A4AA-F0CC1A59E8BC}.Release|Any CPU.Build.0 = Release|Any CPU
		{D9E53AA5-863D-4ACB-A4AA-F0CC1A59E8BC}.Release|x64.ActiveCfg = Release|Any CPU
		{D9E53AA5-863D-4ACB-A4AA-F0CC1A59E8BC}.Release|x64.Build.0 = Release|Any CPU
		{D9E53AA5-863D-4ACB-A4AA-F0CC1A59E8BC}.Release|x86.ActiveCfg = Release|Any CPU
		{D9E53AA5-863D-4ACB-A4AA-F0CC1A59E8BC}.Release|x86.Build.0 = Release|Any CPU
		{FEA0A8D7-43C4-4FE4-A798-A68B0B0ABEC8}.Debug|Any CPU.ActiveCfg = Debug|Any CPU
		{FEA0A8D7-43C4-4FE4-A798-A68B0B0ABEC8}.Debug|Any CPU.Build.0 = Debug|Any CPU
		{FEA0A8D7-43C4-4FE4-A798-A68B0B0ABEC8}.Debug|x64.ActiveCfg = Debug|Any CPU
		{FEA0A8D7-43C4-4FE4-A798-A68B0B0ABEC8}.Debug|x64.Build.0 = Debug|Any CPU
		{FEA0A8D7-43C4-4FE4-A798-A68B0B0ABEC8}.Debug|x86.ActiveCfg = Debug|Any CPU
		{FEA0A8D7-43C4-4FE4-A798-A68B0B0ABEC8}.Debug|x86.Build.0 = Debug|Any CPU
		{FEA0A8D7-43C4-4FE4-A798-A68B0B0ABEC8}.Release|Any CPU.ActiveCfg = Release|Any CPU
		{FEA0A8D7-43C4-4FE4-A798-A68B0B0ABEC8}.Release|Any CPU.Build.0 = Release|Any CPU
		{FEA0A8D7-43C4-4FE4-A798-A68B0B0ABEC8}.Release|x64.ActiveCfg = Release|Any CPU
		{FEA0A8D7-43C4-4FE4-A798-A68B0B0ABEC8}.Release|x64.Build.0 = Release|Any CPU
		{FEA0A8D7-43C4-4FE4-A798-A68B0B0ABEC8}.Release|x86.ActiveCfg = Release|Any CPU
		{FEA0A8D7-43C4-4FE4-A798-A68B0B0ABEC8}.Release|x86.Build.0 = Release|Any CPU
		{05B95695-9C06-4896-A968-F8C81B08F0BC}.Debug|Any CPU.ActiveCfg = Debug|Any CPU
		{05B95695-9C06-4896-A968-F8C81B08F0BC}.Debug|Any CPU.Build.0 = Debug|Any CPU
		{05B95695-9C06-4896-A968-F8C81B08F0BC}.Debug|x64.ActiveCfg = Debug|Any CPU
		{05B95695-9C06-4896-A968-F8C81B08F0BC}.Debug|x64.Build.0 = Debug|Any CPU
		{05B95695-9C06-4896-A968-F8C81B08F0BC}.Debug|x86.ActiveCfg = Debug|Any CPU
		{05B95695-9C06-4896-A968-F8C81B08F0BC}.Debug|x86.Build.0 = Debug|Any CPU
		{05B95695-9C06-4896-A968-F8C81B08F0BC}.Release|Any CPU.ActiveCfg = Release|Any CPU
		{05B95695-9C06-4896-A968-F8C81B08F0BC}.Release|Any CPU.Build.0 = Release|Any CPU
		{05B95695-9C06-4896-A968-F8C81B08F0BC}.Release|x64.ActiveCfg = Release|Any CPU
		{05B95695-9C06-4896-A968-F8C81B08F0BC}.Release|x64.Build.0 = Release|Any CPU
		{05B95695-9C06-4896-A968-F8C81B08F0BC}.Release|x86.ActiveCfg = Release|Any CPU
		{05B95695-9C06-4896-A968-F8C81B08F0BC}.Release|x86.Build.0 = Release|Any CPU
	EndGlobalSection
	GlobalSection(SolutionProperties) = preSolution
		HideSolutionNode = FALSE
	EndGlobalSection
EndGlobal
